<?xml version="1.0" encoding="utf-8"?>
<Project ToolsVersion="4.0" xmlns="http://schemas.microsoft.com/developer/msbuild/2003">
  <ItemGroup>
    <Filter Include="Source Files">
      <UniqueIdentifier>{4FC737F1-C7A5-4376-A066-2A32D752A2FF}</UniqueIdentifier>
      <Extensions>cpp;c;cc;cxx;c++;cppm;ixx;def;odl;idl;hpj;bat;asm;asmx</Extensions>
    </Filter>
    <Filter Include="Header Files">
      <UniqueIdentifier>{93995380-89BD-4b04-88EB-625FBE52EBFB}</UniqueIdentifier>
      <Extensions>h;hh;hpp;hxx;h++;hm;inl;inc;ipp;xsd</Extensions>
    </Filter>
    <Filter Include="Resource Files">
      <UniqueIdentifier>{67DA6AB6-F800-4c08-8B7A-83BB121AAD01}</UniqueIdentifier>
      <Extensions>rc;ico;cur;bmp;dlg;rc2;rct;bin;rgs;gif;jpg;jpeg;jpe;resx;tiff;tif;png;wav;mfcribbon-ms</Extensions>
    </Filter>
  </ItemGroup>
  <ItemGroup>
    <ClCompile Include="src\builder.cpp">
      <Filter>Source Files</Filter>
    </ClCompile>
    <ClCompile Include="src\visual_studio.cpp">
      <Filter>Source Files</Filter>
    </ClCompile>
    <ClCompile Include="src\core\src\win64\core_process.win64.cpp">
      <Filter>Source Files</Filter>
    </ClCompile>
    <ClCompile Include="src\core\src\win64\date_and_time.win64.cpp">
      <Filter>Source Files</Filter>
    </ClCompile>
    <ClCompile Include="src\core\src\win64\debug.win64.cpp">
      <Filter>Source Files</Filter>
    </ClCompile>
    <ClCompile Include="src\core\src\win64\file.win64.cpp">
      <Filter>Source Files</Filter>
    </ClCompile>
    <ClCompile Include="src\core\src\win64\init.win64.cpp">
      <Filter>Source Files</Filter>
    </ClCompile>
    <ClCompile Include="src\core\src\win64\library.win64.cpp">
      <Filter>Source Files</Filter>
    </ClCompile>
    <ClCompile Include="src\core\src\win64\paths.win64.cpp">
      <Filter>Source Files</Filter>
    </ClCompile>
    <ClCompile Include="src\core\src\win64\timer.win64.cpp">
      <Filter>Source Files</Filter>
    </ClCompile>
    <ClCompile Include="src\core\src\allocation_context.cpp">
      <Filter>Source Files</Filter>
    </ClCompile>
    <ClCompile Include="src\core\src\allocator_linear.cpp">
      <Filter>Source Files</Filter>
    </ClCompile>
    <ClCompile Include="src\core\src\allocator_malloc.cpp">
      <Filter>Source Files</Filter>
    </ClCompile>
    <ClCompile Include="src\core\src\cmd_line_args.cpp">
      <Filter>Source Files</Filter>
    </ClCompile>
    <ClCompile Include="src\core\src\core.suc.cpp">
      <Filter>Source Files</Filter>
    </ClCompile>
    <ClCompile Include="src\core\src\core.win64.suc.cpp">
      <Filter>Source Files</Filter>
    </ClCompile>
    <ClCompile Include="src\core\src\core_process.subprocess.cpp">
      <Filter>Source Files</Filter>
    </ClCompile>
    <ClCompile Include="src\core\src\core_string.cpp">
      <Filter>Source Files</Filter>
    </ClCompile>
    <ClCompile Include="src\core\src\hash.xxhash.cpp">
      <Filter>Source Files</Filter>
    </ClCompile>
    <ClCompile Include="src\core\src\hashmap.cpp">
      <Filter>Source Files</Filter>
    </ClCompile>
    <ClCompile Include="src\core\src\math.cpp">
      <Filter>Source Files</Filter>
    </ClCompile>
    <ClCompile Include="src\core\src\memory_tracking.cpp">
      <Filter>Source Files</Filter>
    </ClCompile>
    <ClCompile Include="src\core\src\random.cpp">
      <Filter>Source Files</Filter>
    </ClCompile>
    <ClCompile Include="src\core\src\string_builder.cpp">
      <Filter>Source Files</Filter>
    </ClCompile>
    <ClCompile Include="src\core\src\string_helpers.cpp">
      <Filter>Source Files</Filter>
    </ClCompile>
    <ClCompile Include="src\core\src\temp_storage.cpp">
      <Filter>Source Files</Filter>
    </ClCompile>
    <ClCompile Include="src\backend_clang.cpp">
      <Filter>Source Files</Filter>
    </ClCompile>
    <ClCompile Include="src\backend_msvc.cpp">
      <Filter>Source Files</Filter>
    </ClCompile>
    <ClCompile Include="src\core\src\3rdparty\xxhash\xxhash.c">
      <Filter>Source Files</Filter>
    </ClCompile>
    <ClCompile Include="src\core\src\linux\allocator_malloc.linux.cpp">
      <Filter>Source Files</Filter>
    </ClCompile>
    <ClCompile Include="src\core\src\linux\core_process.linux.cpp">
      <Filter>Source Files</Filter>
    </ClCompile>
    <ClCompile Include="src\core\src\linux\debug.linux.cpp">
      <Filter>Source Files</Filter>
    </ClCompile>
    <ClCompile Include="src\core\src\linux\file.linux.cpp">
      <Filter>Source Files</Filter>
    </ClCompile>
    <ClCompile Include="src\core\src\linux\init.linux.cpp">
      <Filter>Source Files</Filter>
    </ClCompile>
    <ClCompile Include="src\core\src\linux\library.linux.cpp">
      <Filter>Source Files</Filter>
    </ClCompile>
    <ClCompile Include="src\core\src\linux\paths.linux.cpp">
      <Filter>Source Files</Filter>
    </ClCompile>
    <ClCompile Include="src\core\src\linux\timer.linux.cpp">
      <Filter>Source Files</Filter>
    </ClCompile>
    <ClCompile Include="src\core\src\paths.cpp">
      <Filter>Source Files</Filter>
    </ClCompile>
    <ClCompile Include="src\core\src\win64\allocator_malloc.win64.cpp">
      <Filter>Source Files</Filter>
    </ClCompile>
    <ClCompile Include="src\core\src\core.linux.suc.cpp">
      <Filter>Source Files</Filter>
    </ClCompile>
    <ClCompile Include="src\core\src\debug.cpp">
      <Filter>Source Files</Filter>
    </ClCompile>
    <ClCompile Include="src\core\src\file.cpp">
      <Filter>Source Files</Filter>
    </ClCompile>
    <ClCompile Include="src\main.cpp">
      <Filter>Source Files</Filter>
    </ClCompile>
    <ClCompile Include="src\win_sdk.cpp">
      <Filter>Source Files</Filter>
    </ClCompile>
    <ClCompile Include="src\win_support.cpp">
      <Filter>Source Files</Filter>
    </ClCompile>
    <ClCompile Include="src\vs_code.cpp">
      <Filter>Source Files</Filter>
    </ClCompile>
    <ClCompile Include="src\zed_editor.cpp">
      <Filter>Source Files</Filter>
    </ClCompile>
  </ItemGroup>
  <ItemGroup>
    <ClInclude Include="src\builder_local.h">
      <Filter>Header Files</Filter>
    </ClInclude>
    <ClInclude Include="src\core\src\core_local.h">
      <Filter>Header Files</Filter>
    </ClInclude>
    <ClInclude Include="src\core\include\allocation_context.h">
      <Filter>Header Files</Filter>
    </ClInclude>
    <ClInclude Include="src\core\include\allocator.h">
      <Filter>Header Files</Filter>
    </ClInclude>
    <ClInclude Include="src\core\include\allocator_linear.h">
      <Filter>Header Files</Filter>
    </ClInclude>
    <ClInclude Include="src\core\include\allocator_malloc.h">
      <Filter>Header Files</Filter>
    </ClInclude>
    <ClInclude Include="src\core\include\array.h">
      <Filter>Header Files</Filter>
    </ClInclude>
    <ClInclude Include="src\core\include\cmd_line_args.h">
      <Filter>Header Files</Filter>
    </ClInclude>
    <ClInclude Include="src\core\include\core_math.h">
      <Filter>Header Files</Filter>
    </ClInclude>
    <ClInclude Include="src\core\include\core_process.h">
      <Filter>Header Files</Filter>
    </ClInclude>
    <ClInclude Include="src\core\include\core_string.h">
      <Filter>Header Files</Filter>
    </ClInclude>
    <ClInclude Include="src\core\include\core_types.h">
      <Filter>Header Files</Filter>
    </ClInclude>
    <ClInclude Include="src\core\include\date_and_time.h">
      <Filter>Header Files</Filter>
    </ClInclude>
    <ClInclude Include="src\core\include\debug.h">
      <Filter>Header Files</Filter>
    </ClInclude>
    <ClInclude Include="src\core\include\defer.h">
      <Filter>Header Files</Filter>
    </ClInclude>
    <ClInclude Include="src\core\include\dll_export.h">
      <Filter>Header Files</Filter>
    </ClInclude>
    <ClInclude Include="src\core\include\file.h">
      <Filter>Header Files</Filter>
    </ClInclude>
    <ClInclude Include="src\core\include\hash.h">
      <Filter>Header Files</Filter>
    </ClInclude>
    <ClInclude Include="src\core\include\hashmap.h">
      <Filter>Header Files</Filter>
    </ClInclude>
    <ClInclude Include="src\core\include\library.h">
      <Filter>Header Files</Filter>
    </ClInclude>
    <ClInclude Include="src\core\include\memory_tracking.h">
      <Filter>Header Files</Filter>
    </ClInclude>
    <ClInclude Include="src\core\include\memory_units.h">
      <Filter>Header Files</Filter>
    </ClInclude>
    <ClInclude Include="src\core\include\paths.h">
      <Filter>Header Files</Filter>
    </ClInclude>
    <ClInclude Include="src\core\include\random.h">
      <Filter>Header Files</Filter>
    </ClInclude>
    <ClInclude Include="src\core\include\ring.h">
      <Filter>Header Files</Filter>
    </ClInclude>
    <ClInclude Include="src\core\include\string_builder.h">
      <Filter>Header Files</Filter>
    </ClInclude>
    <ClInclude Include="src\core\include\string_helpers.h">
      <Filter>Header Files</Filter>
    </ClInclude>
    <ClInclude Include="src\core\include\temp_storage.h">
      <Filter>Header Files</Filter>
    </ClInclude>
    <ClInclude Include="src\core\include\timer.h">
      <Filter>Header Files</Filter>
    </ClInclude>
    <ClInclude Include="include\builder.h">
      <Filter>Header Files</Filter>
    </ClInclude>
    <ClInclude Include="src\core\src\3rdparty\stb\stb_sprintf.h">
      <Filter>Header Files</Filter>
    </ClInclude>
    <ClInclude Include="src\core\src\3rdparty\subprocess\subprocess.h">
      <Filter>Header Files</Filter>
    </ClInclude>
    <ClInclude Include="src\core\src\3rdparty\xxhash\xxhash.h">
      <Filter>Header Files</Filter>
    </ClInclude>
    <ClInclude Include="src\core\src\file_local.h">
      <Filter>Header Files</Filter>
    </ClInclude>
    <ClInclude Include="src\win_sdk.h">
      <Filter>Header Files</Filter>
    </ClInclude>
    <ClInclude Include="src\win_support.h">
      <Filter>Header Files</Filter>
    </ClInclude>
  </ItemGroup>
  <ItemGroup>
    <None Include="src\core\include\array.inl">
      <Filter>Header Files</Filter>
    </None>
    <None Include="src\core\include\ring.inl">
      <Filter>Header Files</Filter>
    </None>
    <None Include="src\core\include\typecast.inl">
      <Filter>Header Files</Filter>
    </None>
    <None Include="README.md" />
    <None Include=".gitignore" />
    <None Include="LICENSE" />
    <None Include="scripts\build.bat">
      <Filter>Source Files</Filter>
    </None>
    <None Include="scripts\build.sh" />
    <None Include="scripts\build_tests.bat">
      <Filter>Source Files</Filter>
    </None>
    <None Include="scripts\build_tests.sh" />
    <None Include="scripts\download_dependencies.bat">
      <Filter>Source Files</Filter>
    </None>
    <None Include="scripts\download_dependencies.sh" />
    <None Include="scripts\make_release.bat">
      <Filter>Source Files</Filter>
    </None>
    <None Include="scripts\make_release.sh" />
    <None Include="scripts\build_common.bat">
      <Filter>Source Files</Filter>
    </None>
    <None Include="scripts\build_common.sh" />
  </ItemGroup>
</Project>