<?xml version="1.0" encoding="utf-8"?>
<Project ToolsVersion="4.0" xmlns="http://schemas.microsoft.com/developer/msbuild/2003">
  <ItemGroup>
    <Filter Include="Source Files">
      <UniqueIdentifier>{4FC737F1-C7A5-4376-A066-2A32D752A2FF}</UniqueIdentifier>
      <Extensions>cpp;c;cc;cxx;c++;cppm;ixx;def;odl;idl;hpj;bat;asm;asmx</Extensions>
    </Filter>
    <Filter Include="Header Files">
      <UniqueIdentifier>{93995380-89BD-4b04-88EB-625FBE52EBFB}</UniqueIdentifier>
      <Extensions>h;hh;hpp;hxx;h++;hm;inl;inc;ipp;xsd</Extensions>
    </Filter>
    <Filter Include="Resource Files">
      <UniqueIdentifier>{67DA6AB6-F800-4c08-8B7A-83BB121AAD01}</UniqueIdentifier>
      <Extensions>rc;ico;cur;bmp;dlg;rc2;rct;bin;rgs;gif;jpg;jpeg;jpe;resx;tiff;tif;png;wav;mfcribbon-ms</Extensions>
    </Filter>
  </ItemGroup>
  <ItemGroup>
    <ClCompile Include="tests_main.cpp">
      <Filter>Source Files</Filter>
    </ClCompile>
    <ClCompile Include="test_basic\test_basic.cpp">
      <Filter>Source Files</Filter>
    </ClCompile>
    <ClCompile Include="test_set_builder_options\test_set_builder_options.cpp">
      <Filter>Source Files</Filter>
    </ClCompile>
    <ClCompile Include="test_multiple_source_files\src\main.cpp">
      <Filter>Source Files</Filter>
    </ClCompile>
    <ClCompile Include="test_multiple_source_files\src\marco.linux.cpp">
      <Filter>Source Files</Filter>
    </ClCompile>
    <ClCompile Include="test_multiple_source_files\src\marco.win64.cpp">
      <Filter>Source Files</Filter>
    </ClCompile>
    <ClCompile Include="test_multiple_source_files\src\polo.linux.cpp">
      <Filter>Source Files</Filter>
    </ClCompile>
    <ClCompile Include="test_multiple_source_files\src\polo.win64.cpp">
      <Filter>Source Files</Filter>
    </ClCompile>
    <ClCompile Include="test_third_party_libraries\sdl_test.cpp">
      <Filter>Source Files</Filter>
    </ClCompile>
    <ClCompile Include="test_third_party_libraries\build.cpp">
      <Filter>Source Files</Filter>
    </ClCompile>
    <ClCompile Include="test_static_lib\lib\lib.cpp">
      <Filter>Source Files</Filter>
    </ClCompile>
    <ClCompile Include="test_static_lib\program\program.cpp">
      <Filter>Source Files</Filter>
    </ClCompile>
    <ClCompile Include="test_dynamic_lib\lib\lib.cpp">
      <Filter>Source Files</Filter>
    </ClCompile>
    <ClCompile Include="test_dynamic_lib\program\program.cpp">
      <Filter>Source Files</Filter>
    </ClCompile>
    <ClCompile Include="test_dynamic_lib\build_configs.cpp">
      <Filter>Source Files</Filter>
    </ClCompile>
    <ClCompile Include="test_generate_visual_studio_files\generate_solution.cpp">
      <Filter>Source Files</Filter>
    </ClCompile>
    <ClCompile Include="test_generate_visual_studio_files\src\app\dir1\dir2\dir3\test_file3.cpp">
      <Filter>Source Files</Filter>
    </ClCompile>
    <ClCompile Include="test_generate_visual_studio_files\src\app\dir1\dir2\test_file2.cpp">
      <Filter>Source Files</Filter>
    </ClCompile>
    <ClCompile Include="test_generate_visual_studio_files\src\app\dir1\test_file1.cpp">
      <Filter>Source Files</Filter>
    </ClCompile>
    <ClCompile Include="test_generate_visual_studio_files\src\app\main.cpp">
      <Filter>Source Files</Filter>
    </ClCompile>
    <ClCompile Include="test_generate_visual_studio_files\src\library1\library1.cpp">
      <Filter>Source Files</Filter>
    </ClCompile>
    <ClCompile Include="test_generate_visual_studio_files\src\library2\library2.cpp">
      <Filter>Source Files</Filter>
    </ClCompile>
    <ClCompile Include="test_override_path_clang\test_override_path_clang.cpp">
      <Filter>Source Files</Filter>
    </ClCompile>
    <ClCompile Include="test_override_path_gcc\test_override_path_gcc.cpp">
      <Filter>Source Files</Filter>
    </ClCompile>
    <ClCompile Include="test_override_path_msvc\test_override_path_msvc.cpp">
      <Filter>Source Files</Filter>
    </ClCompile>
    <ClCompile Include="test_multiple_source_files\build_configs.cpp">
      <Filter>Source Files</Filter>
    </ClCompile>
    <ClCompile Include="test_static_lib\build_configs.cpp">
      <Filter>Source Files</Filter>
    </ClCompile>
    <ClCompile Include="test_compilation_database\build_configs.cpp">
      <Filter>Source Files</Filter>
    </ClCompile>
    <ClCompile Include="test_compilation_database\src\helper.cpp">
      <Filter>Source Files</Filter>
    </ClCompile>
    <ClCompile Include="test_compilation_database\src\main.cpp">
      <Filter>Source Files</Filter>
    </ClCompile>
  </ItemGroup>
  <ItemGroup>
    <ClInclude Include="test_multiple_source_files\src\marco_polo.h">
      <Filter>Header Files</Filter>
    </ClInclude>
    <ClInclude Include="test_static_lib\lib\lib.h">
      <Filter>Header Files</Filter>
    </ClInclude>
    <ClInclude Include="test_dynamic_lib\lib\lib.h">
      <Filter>Header Files</Filter>
    </ClInclude>
    <ClInclude Include="temper\temper.h">
      <Filter>Header Files</Filter>
    </ClInclude>
    <ClInclude Include="test_generate_visual_studio_files\src\library.h">
      <Filter>Header Files</Filter>
    </ClInclude>
    <ClInclude Include="test_compiler_override.h">
      <Filter>Header Files</Filter>
    </ClInclude>
  </ItemGroup>
</Project>